// !$*UTF8*$!
{
	archiveVersion = 1;
	classes = {
	};
	objectVersion = 50;
	objects = {

/* Begin PBXBuildFile section */
		2D1C98CD3B8575E8507C403D /* Pods_MapKitExample.framework in Frameworks */ = {isa = PBXBuildFile; fileRef = DF476CB1E1CBD332CD760CC6 /* Pods_MapKitExample.framework */; };
		38775D4F20E02107009433A8 /* AppDelegate.swift in Sources */ = {isa = PBXBuildFile; fileRef = 38775D4E20E02107009433A8 /* AppDelegate.swift */; };
		38775D5420E02107009433A8 /* Main.storyboard in Resources */ = {isa = PBXBuildFile; fileRef = 38775D5220E02107009433A8 /* Main.storyboard */; };
		38775D5620E02109009433A8 /* Assets.xcassets in Resources */ = {isa = PBXBuildFile; fileRef = 38775D5520E02109009433A8 /* Assets.xcassets */; };
		38775D5920E02109009433A8 /* LaunchScreen.storyboard in Resources */ = {isa = PBXBuildFile; fileRef = 38775D5720E02109009433A8 /* LaunchScreen.storyboard */; };
		38775D6420E02109009433A8 /* MapKitExampleTests.swift in Sources */ = {isa = PBXBuildFile; fileRef = 38775D6320E02109009433A8 /* MapKitExampleTests.swift */; };
		38775D6F20E02109009433A8 /* MapKitExampleUITests.swift in Sources */ = {isa = PBXBuildFile; fileRef = 38775D6E20E02109009433A8 /* MapKitExampleUITests.swift */; };
		38775D8320E02174009433A8 /* MapPresenter.swift in Sources */ = {isa = PBXBuildFile; fileRef = 38775D7D20E02174009433A8 /* MapPresenter.swift */; };
		38775D8420E02174009433A8 /* MapWorker.swift in Sources */ = {isa = PBXBuildFile; fileRef = 38775D7E20E02174009433A8 /* MapWorker.swift */; };
		38775D8520E02174009433A8 /* MapRouter.swift in Sources */ = {isa = PBXBuildFile; fileRef = 38775D7F20E02174009433A8 /* MapRouter.swift */; };
		38775D8620E02174009433A8 /* MapModels.swift in Sources */ = {isa = PBXBuildFile; fileRef = 38775D8020E02174009433A8 /* MapModels.swift */; };
		38775D8720E02174009433A8 /* MapViewController.swift in Sources */ = {isa = PBXBuildFile; fileRef = 38775D8120E02174009433A8 /* MapViewController.swift */; };
		38775D8820E02174009433A8 /* MapInteractor.swift in Sources */ = {isa = PBXBuildFile; fileRef = 38775D8220E02174009433A8 /* MapInteractor.swift */; };
		38775D8A20E04430009433A8 /* Annotation.swift in Sources */ = {isa = PBXBuildFile; fileRef = 38775D8920E04430009433A8 /* Annotation.swift */; };
		38775D8C20E05D1E009433A8 /* Address.swift in Sources */ = {isa = PBXBuildFile; fileRef = 38775D8B20E05D1E009433A8 /* Address.swift */; };
		8A20086318DD6E0C10C03C18 /* Pods_MapKitExampleTests.framework in Frameworks */ = {isa = PBXBuildFile; fileRef = 679507717669EBDF5540B021 /* Pods_MapKitExampleTests.framework */; };
		ABAA753B83A15149529DC01D /* Pods_MapKitExampleUITests.framework in Frameworks */ = {isa = PBXBuildFile; fileRef = 74CF291C5B3F88C85AA3FC10 /* Pods_MapKitExampleUITests.framework */; };
/* End PBXBuildFile section */

/* Begin PBXContainerItemProxy section */
		38775D6020E02109009433A8 /* PBXContainerItemProxy */ = {
			isa = PBXContainerItemProxy;
			containerPortal = 38775D4320E02107009433A8 /* Project object */;
			proxyType = 1;
			remoteGlobalIDString = 38775D4A20E02107009433A8;
			remoteInfo = MapKitExample;
		};
		38775D6B20E02109009433A8 /* PBXContainerItemProxy */ = {
			isa = PBXContainerItemProxy;
			containerPortal = 38775D4320E02107009433A8 /* Project object */;
			proxyType = 1;
			remoteGlobalIDString = 38775D4A20E02107009433A8;
			remoteInfo = MapKitExample;
		};
/* End PBXContainerItemProxy section */

/* Begin PBXFileReference section */
		38775D4B20E02107009433A8 /* MapKitExample.app */ = {isa = PBXFileReference; explicitFileType = wrapper.application; includeInIndex = 0; path = MapKitExample.app; sourceTree = BUILT_PRODUCTS_DIR; };
		38775D4E20E02107009433A8 /* AppDelegate.swift */ = {isa = PBXFileReference; lastKnownFileType = sourcecode.swift; path = AppDelegate.swift; sourceTree = "<group>"; };
		38775D5320E02107009433A8 /* Base */ = {isa = PBXFileReference; lastKnownFileType = file.storyboard; name = Base; path = Base.lproj/Main.storyboard; sourceTree = "<group>"; };
		38775D5520E02109009433A8 /* Assets.xcassets */ = {isa = PBXFileReference; lastKnownFileType = folder.assetcatalog; path = Assets.xcassets; sourceTree = "<group>"; };
		38775D5820E02109009433A8 /* Base */ = {isa = PBXFileReference; lastKnownFileType = file.storyboard; name = Base; path = Base.lproj/LaunchScreen.storyboard; sourceTree = "<group>"; };
		38775D5A20E02109009433A8 /* Info.plist */ = {isa = PBXFileReference; lastKnownFileType = text.plist.xml; path = Info.plist; sourceTree = "<group>"; };
		38775D5F20E02109009433A8 /* MapKitExampleTests.xctest */ = {isa = PBXFileReference; explicitFileType = wrapper.cfbundle; includeInIndex = 0; path = MapKitExampleTests.xctest; sourceTree = BUILT_PRODUCTS_DIR; };
		38775D6320E02109009433A8 /* MapKitExampleTests.swift */ = {isa = PBXFileReference; lastKnownFileType = sourcecode.swift; path = MapKitExampleTests.swift; sourceTree = "<group>"; };
		38775D6520E02109009433A8 /* Info.plist */ = {isa = PBXFileReference; lastKnownFileType = text.plist.xml; path = Info.plist; sourceTree = "<group>"; };
		38775D6A20E02109009433A8 /* MapKitExampleUITests.xctest */ = {isa = PBXFileReference; explicitFileType = wrapper.cfbundle; includeInIndex = 0; path = MapKitExampleUITests.xctest; sourceTree = BUILT_PRODUCTS_DIR; };
		38775D6E20E02109009433A8 /* MapKitExampleUITests.swift */ = {isa = PBXFileReference; lastKnownFileType = sourcecode.swift; path = MapKitExampleUITests.swift; sourceTree = "<group>"; };
		38775D7020E02109009433A8 /* Info.plist */ = {isa = PBXFileReference; lastKnownFileType = text.plist.xml; path = Info.plist; sourceTree = "<group>"; };
		38775D7D20E02174009433A8 /* MapPresenter.swift */ = {isa = PBXFileReference; lastKnownFileType = sourcecode.swift; path = MapPresenter.swift; sourceTree = "<group>"; };
		38775D7E20E02174009433A8 /* MapWorker.swift */ = {isa = PBXFileReference; lastKnownFileType = sourcecode.swift; path = MapWorker.swift; sourceTree = "<group>"; };
		38775D7F20E02174009433A8 /* MapRouter.swift */ = {isa = PBXFileReference; lastKnownFileType = sourcecode.swift; path = MapRouter.swift; sourceTree = "<group>"; };
		38775D8020E02174009433A8 /* MapModels.swift */ = {isa = PBXFileReference; lastKnownFileType = sourcecode.swift; path = MapModels.swift; sourceTree = "<group>"; };
		38775D8120E02174009433A8 /* MapViewController.swift */ = {isa = PBXFileReference; lastKnownFileType = sourcecode.swift; path = MapViewController.swift; sourceTree = "<group>"; };
		38775D8220E02174009433A8 /* MapInteractor.swift */ = {isa = PBXFileReference; lastKnownFileType = sourcecode.swift; path = MapInteractor.swift; sourceTree = "<group>"; };
		38775D8920E04430009433A8 /* Annotation.swift */ = {isa = PBXFileReference; lastKnownFileType = sourcecode.swift; path = Annotation.swift; sourceTree = "<group>"; };
		38775D8B20E05D1E009433A8 /* Address.swift */ = {isa = PBXFileReference; lastKnownFileType = sourcecode.swift; path = Address.swift; sourceTree = "<group>"; };
		679507717669EBDF5540B021 /* Pods_MapKitExampleTests.framework */ = {isa = PBXFileReference; explicitFileType = wrapper.framework; includeInIndex = 0; path = Pods_MapKitExampleTests.framework; sourceTree = BUILT_PRODUCTS_DIR; };
		6FB974F3D8A26A698E2DF252 /* Pods-MapKitExampleUITests.debug.xcconfig */ = {isa = PBXFileReference; includeInIndex = 1; lastKnownFileType = text.xcconfig; name = "Pods-MapKitExampleUITests.debug.xcconfig"; path = "Pods/Target Support Files/Pods-MapKitExampleUITests/Pods-MapKitExampleUITests.debug.xcconfig"; sourceTree = "<group>"; };
		70279BB3C237A68BB883C7C8 /* Pods-MapKitExampleUITests.release.xcconfig */ = {isa = PBXFileReference; includeInIndex = 1; lastKnownFileType = text.xcconfig; name = "Pods-MapKitExampleUITests.release.xcconfig"; path = "Pods/Target Support Files/Pods-MapKitExampleUITests/Pods-MapKitExampleUITests.release.xcconfig"; sourceTree = "<group>"; };
		74CF291C5B3F88C85AA3FC10 /* Pods_MapKitExampleUITests.framework */ = {isa = PBXFileReference; explicitFileType = wrapper.framework; includeInIndex = 0; path = Pods_MapKitExampleUITests.framework; sourceTree = BUILT_PRODUCTS_DIR; };
		7AC906C55A9CDA19E538FBBC /* Pods-MapKitExampleTests.debug.xcconfig */ = {isa = PBXFileReference; includeInIndex = 1; lastKnownFileType = text.xcconfig; name = "Pods-MapKitExampleTests.debug.xcconfig"; path = "Pods/Target Support Files/Pods-MapKitExampleTests/Pods-MapKitExampleTests.debug.xcconfig"; sourceTree = "<group>"; };
		C886D5D12399BB84E2EC2E0A /* Pods-MapKitExample.debug.xcconfig */ = {isa = PBXFileReference; includeInIndex = 1; lastKnownFileType = text.xcconfig; name = "Pods-MapKitExample.debug.xcconfig"; path = "Pods/Target Support Files/Pods-MapKitExample/Pods-MapKitExample.debug.xcconfig"; sourceTree = "<group>"; };
		DC04079F0D1B515E3057A42C /* Pods-MapKitExample.release.xcconfig */ = {isa = PBXFileReference; includeInIndex = 1; lastKnownFileType = text.xcconfig; name = "Pods-MapKitExample.release.xcconfig"; path = "Pods/Target Support Files/Pods-MapKitExample/Pods-MapKitExample.release.xcconfig"; sourceTree = "<group>"; };
		DF476CB1E1CBD332CD760CC6 /* Pods_MapKitExample.framework */ = {isa = PBXFileReference; explicitFileType = wrapper.framework; includeInIndex = 0; path = Pods_MapKitExample.framework; sourceTree = BUILT_PRODUCTS_DIR; };
		F1836CF5A43BD759708294A8 /* Pods-MapKitExampleTests.release.xcconfig */ = {isa = PBXFileReference; includeInIndex = 1; lastKnownFileType = text.xcconfig; name = "Pods-MapKitExampleTests.release.xcconfig"; path = "Pods/Target Support Files/Pods-MapKitExampleTests/Pods-MapKitExampleTests.release.xcconfig"; sourceTree = "<group>"; };
/* End PBXFileReference section */

/* Begin PBXFrameworksBuildPhase section */
		38775D4820E02107009433A8 /* Frameworks */ = {
			isa = PBXFrameworksBuildPhase;
			buildActionMask = 2147483647;
			files = (
				2D1C98CD3B8575E8507C403D /* Pods_MapKitExample.framework in Frameworks */,
			);
			runOnlyForDeploymentPostprocessing = 0;
		};
		38775D5C20E02109009433A8 /* Frameworks */ = {
			isa = PBXFrameworksBuildPhase;
			buildActionMask = 2147483647;
			files = (
				8A20086318DD6E0C10C03C18 /* Pods_MapKitExampleTests.framework in Frameworks */,
			);
			runOnlyForDeploymentPostprocessing = 0;
		};
		38775D6720E02109009433A8 /* Frameworks */ = {
			isa = PBXFrameworksBuildPhase;
			buildActionMask = 2147483647;
			files = (
				ABAA753B83A15149529DC01D /* Pods_MapKitExampleUITests.framework in Frameworks */,
			);
			runOnlyForDeploymentPostprocessing = 0;
		};
/* End PBXFrameworksBuildPhase section */

/* Begin PBXGroup section */
		38775D4220E02107009433A8 = {
			isa = PBXGroup;
			children = (
				38775D4D20E02107009433A8 /* MapKitExample */,
				38775D6220E02109009433A8 /* MapKitExampleTests */,
				38775D6D20E02109009433A8 /* MapKitExampleUITests */,
				38775D4C20E02107009433A8 /* Products */,
				76B42D8CE8E364AA737705F8 /* Pods */,
				E5B7029357C2F133E5D5308E /* Frameworks */,
			);
			sourceTree = "<group>";
		};
		38775D4C20E02107009433A8 /* Products */ = {
			isa = PBXGroup;
			children = (
				38775D4B20E02107009433A8 /* MapKitExample.app */,
				38775D5F20E02109009433A8 /* MapKitExampleTests.xctest */,
				38775D6A20E02109009433A8 /* MapKitExampleUITests.xctest */,
			);
			name = Products;
			sourceTree = "<group>";
		};
		38775D4D20E02107009433A8 /* MapKitExample */ = {
			isa = PBXGroup;
			children = (
				38775D7C20E02146009433A8 /* Scenes */,
				38775D4E20E02107009433A8 /* AppDelegate.swift */,
				38775D8920E04430009433A8 /* Annotation.swift */,
				38775D8B20E05D1E009433A8 /* Address.swift */,
				38775D5220E02107009433A8 /* Main.storyboard */,
				38775D5520E02109009433A8 /* Assets.xcassets */,
				38775D5720E02109009433A8 /* LaunchScreen.storyboard */,
				38775D5A20E02109009433A8 /* Info.plist */,
			);
			path = MapKitExample;
			sourceTree = "<group>";
		};
		38775D6220E02109009433A8 /* MapKitExampleTests */ = {
			isa = PBXGroup;
			children = (
				38775D6320E02109009433A8 /* MapKitExampleTests.swift */,
				38775D6520E02109009433A8 /* Info.plist */,
			);
			path = MapKitExampleTests;
			sourceTree = "<group>";
		};
		38775D6D20E02109009433A8 /* MapKitExampleUITests */ = {
			isa = PBXGroup;
			children = (
				38775D6E20E02109009433A8 /* MapKitExampleUITests.swift */,
				38775D7020E02109009433A8 /* Info.plist */,
			);
			path = MapKitExampleUITests;
			sourceTree = "<group>";
		};
		38775D7C20E02146009433A8 /* Scenes */ = {
			isa = PBXGroup;
			children = (
				38775D8120E02174009433A8 /* MapViewController.swift */,
				38775D8220E02174009433A8 /* MapInteractor.swift */,
				38775D7E20E02174009433A8 /* MapWorker.swift */,
				38775D7D20E02174009433A8 /* MapPresenter.swift */,
				38775D8020E02174009433A8 /* MapModels.swift */,
				38775D7F20E02174009433A8 /* MapRouter.swift */,
			);
			path = Scenes;
			sourceTree = "<group>";
		};
		76B42D8CE8E364AA737705F8 /* Pods */ = {
			isa = PBXGroup;
			children = (
				C886D5D12399BB84E2EC2E0A /* Pods-MapKitExample.debug.xcconfig */,
				DC04079F0D1B515E3057A42C /* Pods-MapKitExample.release.xcconfig */,
				7AC906C55A9CDA19E538FBBC /* Pods-MapKitExampleTests.debug.xcconfig */,
				F1836CF5A43BD759708294A8 /* Pods-MapKitExampleTests.release.xcconfig */,
				6FB974F3D8A26A698E2DF252 /* Pods-MapKitExampleUITests.debug.xcconfig */,
				70279BB3C237A68BB883C7C8 /* Pods-MapKitExampleUITests.release.xcconfig */,
			);
			name = Pods;
			sourceTree = "<group>";
		};
		E5B7029357C2F133E5D5308E /* Frameworks */ = {
			isa = PBXGroup;
			children = (
				DF476CB1E1CBD332CD760CC6 /* Pods_MapKitExample.framework */,
				679507717669EBDF5540B021 /* Pods_MapKitExampleTests.framework */,
				74CF291C5B3F88C85AA3FC10 /* Pods_MapKitExampleUITests.framework */,
			);
			name = Frameworks;
			sourceTree = "<group>";
		};
/* End PBXGroup section */

/* Begin PBXNativeTarget section */
		38775D4A20E02107009433A8 /* MapKitExample */ = {
			isa = PBXNativeTarget;
			buildConfigurationList = 38775D7320E02109009433A8 /* Build configuration list for PBXNativeTarget "MapKitExample" */;
			buildPhases = (
				E617F0A06AF757995772127A /* [CP] Check Pods Manifest.lock */,
				38775D4720E02107009433A8 /* Sources */,
				38775D4820E02107009433A8 /* Frameworks */,
				38775D4920E02107009433A8 /* Resources */,
				C3B63B65F145AE4623BFD127 /* [CP] Embed Pods Frameworks */,
			);
			buildRules = (
			);
			dependencies = (
			);
			name = MapKitExample;
			productName = MapKitExample;
			productReference = 38775D4B20E02107009433A8 /* MapKitExample.app */;
			productType = "com.apple.product-type.application";
		};
		38775D5E20E02109009433A8 /* MapKitExampleTests */ = {
			isa = PBXNativeTarget;
			buildConfigurationList = 38775D7620E02109009433A8 /* Build configuration list for PBXNativeTarget "MapKitExampleTests" */;
			buildPhases = (
				ECE5E8862DC9435BAADE50C7 /* [CP] Check Pods Manifest.lock */,
				38775D5B20E02109009433A8 /* Sources */,
				38775D5C20E02109009433A8 /* Frameworks */,
				38775D5D20E02109009433A8 /* Resources */,
			);
			buildRules = (
			);
			dependencies = (
				38775D6120E02109009433A8 /* PBXTargetDependency */,
			);
			name = MapKitExampleTests;
			productName = MapKitExampleTests;
			productReference = 38775D5F20E02109009433A8 /* MapKitExampleTests.xctest */;
			productType = "com.apple.product-type.bundle.unit-test";
		};
		38775D6920E02109009433A8 /* MapKitExampleUITests */ = {
			isa = PBXNativeTarget;
			buildConfigurationList = 38775D7920E02109009433A8 /* Build configuration list for PBXNativeTarget "MapKitExampleUITests" */;
			buildPhases = (
				28B4EE7A85266950F653565E /* [CP] Check Pods Manifest.lock */,
				38775D6620E02109009433A8 /* Sources */,
				38775D6720E02109009433A8 /* Frameworks */,
				38775D6820E02109009433A8 /* Resources */,
			);
			buildRules = (
			);
			dependencies = (
				38775D6C20E02109009433A8 /* PBXTargetDependency */,
			);
			name = MapKitExampleUITests;
			productName = MapKitExampleUITests;
			productReference = 38775D6A20E02109009433A8 /* MapKitExampleUITests.xctest */;
			productType = "com.apple.product-type.bundle.ui-testing";
		};
/* End PBXNativeTarget section */

/* Begin PBXProject section */
		38775D4320E02107009433A8 /* Project object */ = {
			isa = PBXProject;
			attributes = {
				LastSwiftUpdateCheck = 0940;
				LastUpgradeCheck = 0940;
				ORGANIZATIONNAME = "Jesús Alfredo Hernández Alarcón";
				TargetAttributes = {
					38775D4A20E02107009433A8 = {
						CreatedOnToolsVersion = 9.4;
					};
					38775D5E20E02109009433A8 = {
						CreatedOnToolsVersion = 9.4;
						TestTargetID = 38775D4A20E02107009433A8;
					};
					38775D6920E02109009433A8 = {
						CreatedOnToolsVersion = 9.4;
						TestTargetID = 38775D4A20E02107009433A8;
					};
				};
			};
			buildConfigurationList = 38775D4620E02107009433A8 /* Build configuration list for PBXProject "MapKitExample" */;
			compatibilityVersion = "Xcode 9.3";
			developmentRegion = en;
			hasScannedForEncodings = 0;
			knownRegions = (
				en,
				Base,
			);
			mainGroup = 38775D4220E02107009433A8;
			productRefGroup = 38775D4C20E02107009433A8 /* Products */;
			projectDirPath = "";
			projectRoot = "";
			targets = (
				38775D4A20E02107009433A8 /* MapKitExample */,
				38775D5E20E02109009433A8 /* MapKitExampleTests */,
				38775D6920E02109009433A8 /* MapKitExampleUITests */,
			);
		};
/* End PBXProject section */

/* Begin PBXResourcesBuildPhase section */
		38775D4920E02107009433A8 /* Resources */ = {
			isa = PBXResourcesBuildPhase;
			buildActionMask = 2147483647;
			files = (
				38775D5920E02109009433A8 /* LaunchScreen.storyboard in Resources */,
				38775D5620E02109009433A8 /* Assets.xcassets in Resources */,
				38775D5420E02107009433A8 /* Main.storyboard in Resources */,
			);
			runOnlyForDeploymentPostprocessing = 0;
		};
		38775D5D20E02109009433A8 /* Resources */ = {
			isa = PBXResourcesBuildPhase;
			buildActionMask = 2147483647;
			files = (
			);
			runOnlyForDeploymentPostprocessing = 0;
		};
		38775D6820E02109009433A8 /* Resources */ = {
			isa = PBXResourcesBuildPhase;
			buildActionMask = 2147483647;
			files = (
			);
			runOnlyForDeploymentPostprocessing = 0;
		};
/* End PBXResourcesBuildPhase section */

/* Begin PBXShellScriptBuildPhase section */
		28B4EE7A85266950F653565E /* [CP] Check Pods Manifest.lock */ = {
			isa = PBXShellScriptBuildPhase;
			buildActionMask = 2147483647;
			files = (
			);
			inputPaths = (
				"${PODS_PODFILE_DIR_PATH}/Podfile.lock",
				"${PODS_ROOT}/Manifest.lock",
			);
			name = "[CP] Check Pods Manifest.lock";
			outputPaths = (
				"$(DERIVED_FILE_DIR)/Pods-MapKitExampleUITests-checkManifestLockResult.txt",
			);
			runOnlyForDeploymentPostprocessing = 0;
			shellPath = /bin/sh;
			shellScript = "diff \"${PODS_PODFILE_DIR_PATH}/Podfile.lock\" \"${PODS_ROOT}/Manifest.lock\" > /dev/null\nif [ $? != 0 ] ; then\n    # print error to STDERR\n    echo \"error: The sandbox is not in sync with the Podfile.lock. Run 'pod install' or update your CocoaPods installation.\" >&2\n    exit 1\nfi\n# This output is used by Xcode 'outputs' to avoid re-running this script phase.\necho \"SUCCESS\" > \"${SCRIPT_OUTPUT_FILE_0}\"\n";
			showEnvVarsInLog = 0;
		};
		C3B63B65F145AE4623BFD127 /* [CP] Embed Pods Frameworks */ = {
			isa = PBXShellScriptBuildPhase;
			buildActionMask = 2147483647;
			files = (
			);
			inputPaths = (
				"${SRCROOT}/Pods/Target Support Files/Pods-MapKitExample/Pods-MapKitExample-frameworks.sh",
				"${BUILT_PRODUCTS_DIR}/SwiftyBeaver/SwiftyBeaver.framework",
			);
			name = "[CP] Embed Pods Frameworks";
			outputPaths = (
				"${TARGET_BUILD_DIR}/${FRAMEWORKS_FOLDER_PATH}/SwiftyBeaver.framework",
			);
			runOnlyForDeploymentPostprocessing = 0;
			shellPath = /bin/sh;
			shellScript = "\"${SRCROOT}/Pods/Target Support Files/Pods-MapKitExample/Pods-MapKitExample-frameworks.sh\"\n";
			showEnvVarsInLog = 0;
		};
		E617F0A06AF757995772127A /* [CP] Check Pods Manifest.lock */ = {
			isa = PBXShellScriptBuildPhase;
			buildActionMask = 2147483647;
			files = (
			);
			inputPaths = (
				"${PODS_PODFILE_DIR_PATH}/Podfile.lock",
				"${PODS_ROOT}/Manifest.lock",
			);
			name = "[CP] Check Pods Manifest.lock";
			outputPaths = (
				"$(DERIVED_FILE_DIR)/Pods-MapKitExample-checkManifestLockResult.txt",
			);
			runOnlyForDeploymentPostprocessing = 0;
			shellPath = /bin/sh;
			shellScript = "diff \"${PODS_PODFILE_DIR_PATH}/Podfile.lock\" \"${PODS_ROOT}/Manifest.lock\" > /dev/null\nif [ $? != 0 ] ; then\n    # print error to STDERR\n    echo \"error: The sandbox is not in sync with the Podfile.lock. Run 'pod install' or update your CocoaPods installation.\" >&2\n    exit 1\nfi\n# This output is used by Xcode 'outputs' to avoid re-running this script phase.\necho \"SUCCESS\" > \"${SCRIPT_OUTPUT_FILE_0}\"\n";
			showEnvVarsInLog = 0;
		};
		ECE5E8862DC9435BAADE50C7 /* [CP] Check Pods Manifest.lock */ = {
			isa = PBXShellScriptBuildPhase;
			buildActionMask = 2147483647;
			files = (
			);
			inputPaths = (
				"${PODS_PODFILE_DIR_PATH}/Podfile.lock",
				"${PODS_ROOT}/Manifest.lock",
			);
			name = "[CP] Check Pods Manifest.lock";
			outputPaths = (
				"$(DERIVED_FILE_DIR)/Pods-MapKitExampleTests-checkManifestLockResult.txt",
			);
			runOnlyForDeploymentPostprocessing = 0;
			shellPath = /bin/sh;
			shellScript = "diff \"${PODS_PODFILE_DIR_PATH}/Podfile.lock\" \"${PODS_ROOT}/Manifest.lock\" > /dev/null\nif [ $? != 0 ] ; then\n    # print error to STDERR\n    echo \"error: The sandbox is not in sync with the Podfile.lock. Run 'pod install' or update your CocoaPods installation.\" >&2\n    exit 1\nfi\n# This output is used by Xcode 'outputs' to avoid re-running this script phase.\necho \"SUCCESS\" > \"${SCRIPT_OUTPUT_FILE_0}\"\n";
			showEnvVarsInLog = 0;
		};
/* End PBXShellScriptBuildPhase section */

/* Begin PBXSourcesBuildPhase section */
		38775D4720E02107009433A8 /* Sources */ = {
			isa = PBXSourcesBuildPhase;
			buildActionMask = 2147483647;
			files = (
				38775D8C20E05D1E009433A8 /* Address.swift in Sources */,
				38775D4F20E02107009433A8 /* AppDelegate.swift in Sources */,
				38775D8620E02174009433A8 /* MapModels.swift in Sources */,
				38775D8520E02174009433A8 /* MapRouter.swift in Sources */,
				38775D8420E02174009433A8 /* MapWorker.swift in Sources */,
				38775D8320E02174009433A8 /* MapPresenter.swift in Sources */,
				38775D8720E02174009433A8 /* MapViewController.swift in Sources */,
				38775D8A20E04430009433A8 /* Annotation.swift in Sources */,
				38775D8820E02174009433A8 /* MapInteractor.swift in Sources */,
			);
			runOnlyForDeploymentPostprocessing = 0;
		};
		38775D5B20E02109009433A8 /* Sources */ = {
			isa = PBXSourcesBuildPhase;
			buildActionMask = 2147483647;
			files = (
				38775D6420E02109009433A8 /* MapKitExampleTests.swift in Sources */,
			);
			runOnlyForDeploymentPostprocessing = 0;
		};
		38775D6620E02109009433A8 /* Sources */ = {
			isa = PBXSourcesBuildPhase;
			buildActionMask = 2147483647;
			files = (
				38775D6F20E02109009433A8 /* MapKitExampleUITests.swift in Sources */,
			);
			runOnlyForDeploymentPostprocessing = 0;
		};
/* End PBXSourcesBuildPhase section */

/* Begin PBXTargetDependency section */
		38775D6120E02109009433A8 /* PBXTargetDependency */ = {
			isa = PBXTargetDependency;
			target = 38775D4A20E02107009433A8 /* MapKitExample */;
			targetProxy = 38775D6020E02109009433A8 /* PBXContainerItemProxy */;
		};
		38775D6C20E02109009433A8 /* PBXTargetDependency */ = {
			isa = PBXTargetDependency;
			target = 38775D4A20E02107009433A8 /* MapKitExample */;
			targetProxy = 38775D6B20E02109009433A8 /* PBXContainerItemProxy */;
		};
/* End PBXTargetDependency section */

/* Begin PBXVariantGroup section */
		38775D5220E02107009433A8 /* Main.storyboard */ = {
			isa = PBXVariantGroup;
			children = (
				38775D5320E02107009433A8 /* Base */,
			);
			name = Main.storyboard;
			sourceTree = "<group>";
		};
		38775D5720E02109009433A8 /* LaunchScreen.storyboard */ = {
			isa = PBXVariantGroup;
			children = (
				38775D5820E02109009433A8 /* Base */,
			);
			name = LaunchScreen.storyboard;
			sourceTree = "<group>";
		};
/* End PBXVariantGroup section */

/* Begin XCBuildConfiguration section */
		38775D7120E02109009433A8 /* Debug */ = {
			isa = XCBuildConfiguration;
			buildSettings = {
				ALWAYS_SEARCH_USER_PATHS = NO;
				CLANG_ANALYZER_NONNULL = YES;
				CLANG_ANALYZER_NUMBER_OBJECT_CONVERSION = YES_AGGRESSIVE;
				CLANG_CXX_LANGUAGE_STANDARD = "gnu++14";
				CLANG_CXX_LIBRARY = "libc++";
				CLANG_ENABLE_MODULES = YES;
				CLANG_ENABLE_OBJC_ARC = YES;
				CLANG_ENABLE_OBJC_WEAK = YES;
				CLANG_WARN_BLOCK_CAPTURE_AUTORELEASING = YES;
				CLANG_WARN_BOOL_CONVERSION = YES;
				CLANG_WARN_COMMA = YES;
				CLANG_WARN_CONSTANT_CONVERSION = YES;
				CLANG_WARN_DEPRECATED_OBJC_IMPLEMENTATIONS = YES;
				CLANG_WARN_DIRECT_OBJC_ISA_USAGE = YES_ERROR;
				CLANG_WARN_DOCUMENTATION_COMMENTS = YES;
				CLANG_WARN_EMPTY_BODY = YES;
				CLANG_WARN_ENUM_CONVERSION = YES;
				CLANG_WARN_INFINITE_RECURSION = YES;
				CLANG_WARN_INT_CONVERSION = YES;
				CLANG_WARN_NON_LITERAL_NULL_CONVERSION = YES;
				CLANG_WARN_OBJC_IMPLICIT_RETAIN_SELF = YES;
				CLANG_WARN_OBJC_LITERAL_CONVERSION = YES;
				CLANG_WARN_OBJC_ROOT_CLASS = YES_ERROR;
				CLANG_WARN_RANGE_LOOP_ANALYSIS = YES;
				CLANG_WARN_STRICT_PROTOTYPES = YES;
				CLANG_WARN_SUSPICIOUS_MOVE = YES;
				CLANG_WARN_UNGUARDED_AVAILABILITY = YES_AGGRESSIVE;
				CLANG_WARN_UNREACHABLE_CODE = YES;
				CLANG_WARN__DUPLICATE_METHOD_MATCH = YES;
				CODE_SIGN_IDENTITY = "iPhone Developer";
				COPY_PHASE_STRIP = NO;
				DEBUG_INFORMATION_FORMAT = dwarf;
				ENABLE_STRICT_OBJC_MSGSEND = YES;
				ENABLE_TESTABILITY = YES;
				GCC_C_LANGUAGE_STANDARD = gnu11;
				GCC_DYNAMIC_NO_PIC = NO;
				GCC_NO_COMMON_BLOCKS = YES;
				GCC_OPTIMIZATION_LEVEL = 0;
				GCC_PREPROCESSOR_DEFINITIONS = (
					"DEBUG=1",
					"$(inherited)",
				);
				GCC_WARN_64_TO_32_BIT_CONVERSION = YES;
				GCC_WARN_ABOUT_RETURN_TYPE = YES_ERROR;
				GCC_WARN_UNDECLARED_SELECTOR = YES;
				GCC_WARN_UNINITIALIZED_AUTOS = YES_AGGRESSIVE;
				GCC_WARN_UNUSED_FUNCTION = YES;
				GCC_WARN_UNUSED_VARIABLE = YES;
				IPHONEOS_DEPLOYMENT_TARGET = 11.4;
				MTL_ENABLE_DEBUG_INFO = YES;
				ONLY_ACTIVE_ARCH = YES;
				SDKROOT = iphoneos;
				SWIFT_ACTIVE_COMPILATION_CONDITIONS = DEBUG;
				SWIFT_OPTIMIZATION_LEVEL = "-Onone";
			};
			name = Debug;
		};
		38775D7220E02109009433A8 /* Release */ = {
			isa = XCBuildConfiguration;
			buildSettings = {
				ALWAYS_SEARCH_USER_PATHS = NO;
				CLANG_ANALYZER_NONNULL = YES;
				CLANG_ANALYZER_NUMBER_OBJECT_CONVERSION = YES_AGGRESSIVE;
				CLANG_CXX_LANGUAGE_STANDARD = "gnu++14";
				CLANG_CXX_LIBRARY = "libc++";
				CLANG_ENABLE_MODULES = YES;
				CLANG_ENABLE_OBJC_ARC = YES;
				CLANG_ENABLE_OBJC_WEAK = YES;
				CLANG_WARN_BLOCK_CAPTURE_AUTORELEASING = YES;
				CLANG_WARN_BOOL_CONVERSION = YES;
				CLANG_WARN_COMMA = YES;
				CLANG_WARN_CONSTANT_CONVERSION = YES;
				CLANG_WARN_DEPRECATED_OBJC_IMPLEMENTATIONS = YES;
				CLANG_WARN_DIRECT_OBJC_ISA_USAGE = YES_ERROR;
				CLANG_WARN_DOCUMENTATION_COMMENTS = YES;
				CLANG_WARN_EMPTY_BODY = YES;
				CLANG_WARN_ENUM_CONVERSION = YES;
				CLANG_WARN_INFINITE_RECURSION = YES;
				CLANG_WARN_INT_CONVERSION = YES;
				CLANG_WARN_NON_LITERAL_NULL_CONVERSION = YES;
				CLANG_WARN_OBJC_IMPLICIT_RETAIN_SELF = YES;
				CLANG_WARN_OBJC_LITERAL_CONVERSION = YES;
				CLANG_WARN_OBJC_ROOT_CLASS = YES_ERROR;
				CLANG_WARN_RANGE_LOOP_ANALYSIS = YES;
				CLANG_WARN_STRICT_PROTOTYPES = YES;
				CLANG_WARN_SUSPICIOUS_MOVE = YES;
				CLANG_WARN_UNGUARDED_AVAILABILITY = YES_AGGRESSIVE;
				CLANG_WARN_UNREACHABLE_CODE = YES;
				CLANG_WARN__DUPLICATE_METHOD_MATCH = YES;
				CODE_SIGN_IDENTITY = "iPhone Developer";
				COPY_PHASE_STRIP = NO;
				DEBUG_INFORMATION_FORMAT = "dwarf-with-dsym";
				ENABLE_NS_ASSERTIONS = NO;
				ENABLE_STRICT_OBJC_MSGSEND = YES;
				GCC_C_LANGUAGE_STANDARD = gnu11;
				GCC_NO_COMMON_BLOCKS = YES;
				GCC_WARN_64_TO_32_BIT_CONVERSION = YES;
				GCC_WARN_ABOUT_RETURN_TYPE = YES_ERROR;
				GCC_WARN_UNDECLARED_SELECTOR = YES;
				GCC_WARN_UNINITIALIZED_AUTOS = YES_AGGRESSIVE;
				GCC_WARN_UNUSED_FUNCTION = YES;
				GCC_WARN_UNUSED_VARIABLE = YES;
				IPHONEOS_DEPLOYMENT_TARGET = 11.4;
				MTL_ENABLE_DEBUG_INFO = NO;
				SDKROOT = iphoneos;
				SWIFT_COMPILATION_MODE = wholemodule;
				SWIFT_OPTIMIZATION_LEVEL = "-O";
				VALIDATE_PRODUCT = YES;
			};
			name = Release;
		};
		38775D7420E02109009433A8 /* Debug */ = {
			isa = XCBuildConfiguration;
			baseConfigurationReference = C886D5D12399BB84E2EC2E0A /* Pods-MapKitExample.debug.xcconfig */;
			buildSettings = {
				ASSETCATALOG_COMPILER_APPICON_NAME = AppIcon;
				CODE_SIGN_STYLE = Automatic;
				DEVELOPMENT_TEAM = HS399QXLRD;
				INFOPLIST_FILE = MapKitExample/Info.plist;
				LD_RUNPATH_SEARCH_PATHS = (
					"$(inherited)",
					"@executable_path/Frameworks",
				);
				PRODUCT_BUNDLE_IDENTIFIER = com.alfredohdz.MapKitExample;
				PRODUCT_NAME = "$(TARGET_NAME)";
				SWIFT_VERSION = 4.0;
				TARGETED_DEVICE_FAMILY = "1,2";
			};
			name = Debug;
		};
		38775D7520E02109009433A8 /* Release */ = {
			isa = XCBuildConfiguration;
			baseConfigurationReference = DC04079F0D1B515E3057A42C /* Pods-MapKitExample.release.xcconfig */;
			buildSettings = {
				ASSETCATALOG_COMPILER_APPICON_NAME = AppIcon;
				CODE_SIGN_STYLE = Automatic;
				DEVELOPMENT_TEAM = HS399QXLRD;
				INFOPLIST_FILE = MapKitExample/Info.plist;
				LD_RUNPATH_SEARCH_PATHS = (
					"$(inherited)",
					"@executable_path/Frameworks",
				);
				PRODUCT_BUNDLE_IDENTIFIER = com.alfredohdz.MapKitExample;
				PRODUCT_NAME = "$(TARGET_NAME)";
				SWIFT_VERSION = 4.0;
				TARGETED_DEVICE_FAMILY = "1,2";
			};
			name = Release;
		};
		38775D7720E02109009433A8 /* Debug */ = {
			isa = XCBuildConfiguration;
			baseConfigurationReference = 7AC906C55A9CDA19E538FBBC /* Pods-MapKitExampleTests.debug.xcconfig */;
			buildSettings = {
				ALWAYS_EMBED_SWIFT_STANDARD_LIBRARIES = YES;
				BUNDLE_LOADER = "$(TEST_HOST)";
				CODE_SIGN_STYLE = Automatic;
				DEVELOPMENT_TEAM = HS399QXLRD;
				INFOPLIST_FILE = MapKitExampleTests/Info.plist;
				LD_RUNPATH_SEARCH_PATHS = (
					"$(inherited)",
					"@executable_path/Frameworks",
					"@loader_path/Frameworks",
				);
				PRODUCT_BUNDLE_IDENTIFIER = com.alfredohdz.MapKitExampleTests;
				PRODUCT_NAME = "$(TARGET_NAME)";
				SWIFT_VERSION = 4.0;
				TARGETED_DEVICE_FAMILY = "1,2";
				TEST_HOST = "$(BUILT_PRODUCTS_DIR)/MapKitExample.app/MapKitExample";
			};
			name = Debug;
		};
		38775D7820E02109009433A8 /* Release */ = {
			isa = XCBuildConfiguration;
			baseConfigurationReference = F1836CF5A43BD759708294A8 /* Pods-MapKitExampleTests.release.xcconfig */;
			buildSettings = {
				ALWAYS_EMBED_SWIFT_STANDARD_LIBRARIES = YES;
				BUNDLE_LOADER = "$(TEST_HOST)";
				CODE_SIGN_STYLE = Automatic;
				DEVELOPMENT_TEAM = HS399QXLRD;
				INFOPLIST_FILE = MapKitExampleTests/Info.plist;
				LD_RUNPATH_SEARCH_PATHS = (
					"$(inherited)",
					"@executable_path/Frameworks",
					"@loader_path/Frameworks",
				);
				PRODUCT_BUNDLE_IDENTIFIER = com.alfredohdz.MapKitExampleTests;
				PRODUCT_NAME = "$(TARGET_NAME)";
				SWIFT_VERSION = 4.0;
				TARGETED_DEVICE_FAMILY = "1,2";
				TEST_HOST = "$(BUILT_PRODUCTS_DIR)/MapKitExample.app/MapKitExample";
			};
			name = Release;
		};
		38775D7A20E02109009433A8 /* Debug */ = {
			isa = XCBuildConfiguration;
			baseConfigurationReference = 6FB974F3D8A26A698E2DF252 /* Pods-MapKitExampleUITests.debug.xcconfig */;
			buildSettings = {
				ALWAYS_EMBED_SWIFT_STANDARD_LIBRARIES = YES;
				CODE_SIGN_STYLE = Automatic;
				DEVELOPMENT_TEAM = HS399QXLRD;
				INFOPLIST_FILE = MapKitExampleUITests/Info.plist;
				LD_RUNPATH_SEARCH_PATHS = (
					"$(inherited)",
					"@executable_path/Frameworks",
					"@loader_path/Frameworks",
				);
				PRODUCT_BUNDLE_IDENTIFIER = com.alfredohdz.MapKitExampleUITests;
				PRODUCT_NAME = "$(TARGET_NAME)";
				SWIFT_VERSION = 4.0;
				TARGETED_DEVICE_FAMILY = "1,2";
				TEST_TARGET_NAME = MapKitExample;
			};
			name = Debug;
		};
		38775D7B20E02109009433A8 /* Release */ = {
			isa = XCBuildConfiguration;
			baseConfigurationReference = 70279BB3C237A68BB883C7C8 /* Pods-MapKitExampleUITests.release.xcconfig */;
			buildSettings = {
				ALWAYS_EMBED_SWIFT_STANDARD_LIBRARIES = YES;
				CODE_SIGN_STYLE = Automatic;
				DEVELOPMENT_TEAM = HS399QXLRD;
				INFOPLIST_FILE = MapKitExampleUITests/Info.plist;
				LD_RUNPATH_SEARCH_PATHS = (
					"$(inherited)",
					"@executable_path/Frameworks",
					"@loader_path/Frameworks",
				);
				PRODUCT_BUNDLE_IDENTIFIER = com.alfredohdz.MapKitExampleUITests;
				PRODUCT_NAME = "$(TARGET_NAME)";
				SWIFT_VERSION = 4.0;
				TARGETED_DEVICE_FAMILY = "1,2";
				TEST_TARGET_NAME = MapKitExample;
			};
			name = Release;
		};
/* End XCBuildConfiguration section */

/* Begin XCConfigurationList section */
		38775D4620E02107009433A8 /* Build configuration list for PBXProject "MapKitExample" */ = {
			isa = XCConfigurationList;
			buildConfigurations = (
				38775D7120E02109009433A8 /* Debug */,
				38775D7220E02109009433A8 /* Release */,
			);
			defaultConfigurationIsVisible = 0;
			defaultConfigurationName = Release;
		};
		38775D7320E02109009433A8 /* Build configuration list for PBXNativeTarget "MapKitExample" */ = {
			isa = XCConfigurationList;
			buildConfigurations = (
				38775D7420E02109009433A8 /* Debug */,
				38775D7520E02109009433A8 /* Release */,
			);
			defaultConfigurationIsVisible = 0;
			defaultConfigurationName = Release;
		};
		38775D7620E02109009433A8 /* Build configuration list for PBXNativeTarget "MapKitExampleTests" */ = {
			isa = XCConfigurationList;
			buildConfigurations = (
				38775D7720E02109009433A8 /* Debug */,
				38775D7820E02109009433A8 /* Release */,
			);
			defaultConfigurationIsVisible = 0;
			defaultConfigurationName = Release;
		};
		38775D7920E02109009433A8 /* Build configuration list for PBXNativeTarget "MapKitExampleUITests" */ = {
			isa = XCConfigurationList;
			buildConfigurations = (
				38775D7A20E02109009433A8 /* Debug */,
				38775D7B20E02109009433A8 /* Release */,
			);
			defaultConfigurationIsVisible = 0;
			defaultConfigurationName = Release;
		};
/* End XCConfigurationList section */
	};
	rootObject = 38775D4320E02107009433A8 /* Project object */;
}
